PODS:
  - Flutter (1.0.0)
  - flutter_dtmf (1.0.1):
    - Flutter
  - url_launcher (0.0.1):
    - Flutter

DEPENDENCIES:
  - Flutter (from `Flutter`)
  - flutter_dtmf (from `.symlinks/plugins/flutter_dtmf/ios`)
  - url_launcher (from `.symlinks/plugins/url_launcher/ios`)

EXTERNAL SOURCES:
  Flutter:
    :path: Flutter
  flutter_dtmf:
    :path: ".symlinks/plugins/flutter_dtmf/ios"
  url_launcher:
    :path: ".symlinks/plugins/url_launcher/ios"

SPEC CHECKSUMS:
  Flutter: 434fef37c0980e73bb6479ef766c45957d4b510c
  flutter_dtmf: d86aaec3002a172abba756dc179aaf786bb82215
  url_launcher: 6fef411d543ceb26efce54b05a0a40bfd74cbbef

PODFILE CHECKSUM: 9ae7d81ce8629c24c8e87b67a2b9e3ad19d82e70

COCOAPODS: 1.10.1
